// !$*UTF8*$!
{
	archiveVersion = 1;
	classes = {
	};
	objectVersion = 60;
	objects = {

/* Begin PBXBuildFile section */
		5F17E3632AD43B1F00F402D3 /* MessageCell.swift in Sources */ = {isa = PBXBuildFile; fileRef = 5F17E3622AD43B1F00F402D3 /* MessageCell.swift */; };
		5F17E3662AD43C3C00F402D3 /* Tool.swift in Sources */ = {isa = PBXBuildFile; fileRef = 5F17E3652AD43C3C00F402D3 /* Tool.swift */; };
		5F17E3682AD4425400F402D3 /* CodableHelpers.swift in Sources */ = {isa = PBXBuildFile; fileRef = 5F17E3672AD4425400F402D3 /* CodableHelpers.swift */; };
		5F17E3722AD62ED100F402D3 /* DockUtils.swift in Sources */ = {isa = PBXBuildFile; fileRef = 5F17E3712AD62ED100F402D3 /* DockUtils.swift */; };
		5F17E3742AD62EE600F402D3 /* OverlayWindowController.swift in Sources */ = {isa = PBXBuildFile; fileRef = 5F17E3732AD62EE600F402D3 /* OverlayWindowController.swift */; };
		5F17E3762AD62F6F00F402D3 /* OverlayView.swift in Sources */ = {isa = PBXBuildFile; fileRef = 5F17E3752AD62F6F00F402D3 /* OverlayView.swift */; };
		5F17E3782AD6390400F402D3 /* Geometry.swift in Sources */ = {isa = PBXBuildFile; fileRef = 5F17E3772AD6390400F402D3 /* Geometry.swift */; };
		5F17E3A32AD780EF00F402D3 /* ThreadView.swift in Sources */ = {isa = PBXBuildFile; fileRef = 5F17E3A22AD780EF00F402D3 /* ThreadView.swift */; };
		5F17E3A52AD78E1800F402D3 /* TypingView.swift in Sources */ = {isa = PBXBuildFile; fileRef = 5F17E3A42AD78E1800F402D3 /* TypingView.swift */; };
		5F17E3B12AD7A87800F402D3 /* DDHotKeyCenter.m in Sources */ = {isa = PBXBuildFile; fileRef = 5F17E3AD2AD7A87800F402D3 /* DDHotKeyCenter.m */; };
		5F17E3B22AD7A87800F402D3 /* DDHotKeyTextField.m in Sources */ = {isa = PBXBuildFile; fileRef = 5F17E3AE2AD7A87800F402D3 /* DDHotKeyTextField.m */; };
		5F17E3B32AD7A87800F402D3 /* DDHotKeyUtilities.m in Sources */ = {isa = PBXBuildFile; fileRef = 5F17E3B02AD7A87800F402D3 /* DDHotKeyUtilities.m */; };
		5F17E3B82AD7A89700F402D3 /* HotkeySetup.m in Sources */ = {isa = PBXBuildFile; fileRef = 5F17E3B72AD7A89700F402D3 /* HotkeySetup.m */; };
		5F1C95582ADB1BCF009E312E /* ViewUtils.swift in Sources */ = {isa = PBXBuildFile; fileRef = 5F1C95572ADB1BCF009E312E /* ViewUtils.swift */; };
		5F2598112AD3337C003AF325 /* AppDelegate.swift in Sources */ = {isa = PBXBuildFile; fileRef = 5F2598102AD3337C003AF325 /* AppDelegate.swift */; };
		5F2598152AD3337C003AF325 /* Assets.xcassets in Resources */ = {isa = PBXBuildFile; fileRef = 5F2598142AD3337C003AF325 /* Assets.xcassets */; };
		5F2598182AD3337C003AF325 /* Main.storyboard in Resources */ = {isa = PBXBuildFile; fileRef = 5F2598162AD3337C003AF325 /* Main.storyboard */; };
		5F2598252AD33B0B003AF325 /* View+Measure.swift in Sources */ = {isa = PBXBuildFile; fileRef = 5F2598242AD33B0B003AF325 /* View+Measure.swift */; };
		5F2598272AD3516D003AF325 /* InputTextField.swift in Sources */ = {isa = PBXBuildFile; fileRef = 5F2598262AD3516D003AF325 /* InputTextField.swift */; };
		5F25982A2AD35BDD003AF325 /* Metal.framework in Frameworks */ = {isa = PBXBuildFile; fileRef = 5F2598292AD35BDD003AF325 /* Metal.framework */; };
		5F25982D2AD38E26003AF325 /* ChatToys in Frameworks */ = {isa = PBXBuildFile; productRef = 5F25982C2AD38E26003AF325 /* ChatToys */; };
		5F2598332AD38E83003AF325 /* DataStore.swift in Sources */ = {isa = PBXBuildFile; fileRef = 5F25982E2AD38E83003AF325 /* DataStore.swift */; };
		5F2598342AD38E83003AF325 /* StringHelpers.swift in Sources */ = {isa = PBXBuildFile; fileRef = 5F25982F2AD38E83003AF325 /* StringHelpers.swift */; };
		5F2598352AD38E83003AF325 /* ArrayUtils.swift in Sources */ = {isa = PBXBuildFile; fileRef = 5F2598302AD38E83003AF325 /* ArrayUtils.swift */; };
		5F2598362AD38E83003AF325 /* SwiftUIHelpers.swift in Sources */ = {isa = PBXBuildFile; fileRef = 5F2598312AD38E83003AF325 /* SwiftUIHelpers.swift */; };
		5F2598372AD38E83003AF325 /* SeededRandom.swift in Sources */ = {isa = PBXBuildFile; fileRef = 5F2598322AD38E83003AF325 /* SeededRandom.swift */; };
		5F2598392AD38F6E003AF325 /* CopilotSession.swift in Sources */ = {isa = PBXBuildFile; fileRef = 5F2598382AD38F6E003AF325 /* CopilotSession.swift */; };
		5F25983B2AD39C3D003AF325 /* LLM.swift in Sources */ = {isa = PBXBuildFile; fileRef = 5F25983A2AD39C3D003AF325 /* LLM.swift */; };
		5F25983D2AD39D55003AF325 /* Scripting.swift in Sources */ = {isa = PBXBuildFile; fileRef = 5F25983C2AD39D55003AF325 /* Scripting.swift */; };
		5F25983F2AD39E96003AF325 /* ExpandingScrollView.swift in Sources */ = {isa = PBXBuildFile; fileRef = 5F25983E2AD39E96003AF325 /* ExpandingScrollView.swift */; };
		5FD696D12AE32A9100DB4729 /* WebSearch.swift in Sources */ = {isa = PBXBuildFile; fileRef = 5FD696D02AE32A9100DB4729 /* WebSearch.swift */; };
		5FD696D32AE47A7500DB4729 /* ContextData.swift in Sources */ = {isa = PBXBuildFile; fileRef = 5FD696D22AE47A7500DB4729 /* ContextData.swift */; };
		5FD696D52AE47C8F00DB4729 /* SearchResultView.swift in Sources */ = {isa = PBXBuildFile; fileRef = 5FD696D42AE47C8F00DB4729 /* SearchResultView.swift */; };
		5FD696D72AE47F1700DB4729 /* Async.swift in Sources */ = {isa = PBXBuildFile; fileRef = 5FD696D62AE47F1700DB4729 /* Async.swift */; };
		5FD696D92AE4800200DB4729 /* AsyncMap.swift in Sources */ = {isa = PBXBuildFile; fileRef = 5FD696D82AE4800200DB4729 /* AsyncMap.swift */; };
		5FD696DB2AE48FE900DB4729 /* BrowserTool.swift in Sources */ = {isa = PBXBuildFile; fileRef = 5FD696DA2AE48FE900DB4729 /* BrowserTool.swift */; };
		5FD696DD2AE4909A00DB4729 /* TerminalTool.swift in Sources */ = {isa = PBXBuildFile; fileRef = 5FD696DC2AE4909A00DB4729 /* TerminalTool.swift */; };
		5FD696E02AE56AF200DB4729 /* PreferenceWindow.swift in Sources */ = {isa = PBXBuildFile; fileRef = 5FD696DF2AE56AF200DB4729 /* PreferenceWindow.swift */; };
		5FD696E22AE56E7F00DB4729 /* InputAccessories.swift in Sources */ = {isa = PBXBuildFile; fileRef = 5FD696E12AE56E7F00DB4729 /* InputAccessories.swift */; };
		5FD696E42AE5708E00DB4729 /* Buttons.swift in Sources */ = {isa = PBXBuildFile; fileRef = 5FD696E32AE5708E00DB4729 /* Buttons.swift */; };
		5FD696E62AE575D600DB4729 /* URLUtils.swift in Sources */ = {isa = PBXBuildFile; fileRef = 5FD696E52AE575D600DB4729 /* URLUtils.swift */; };
/* End PBXBuildFile section */

/* Begin PBXFileReference section */
		5F17E3622AD43B1F00F402D3 /* MessageCell.swift */ = {isa = PBXFileReference; lastKnownFileType = sourcecode.swift; path = MessageCell.swift; sourceTree = "<group>"; };
		5F17E3652AD43C3C00F402D3 /* Tool.swift */ = {isa = PBXFileReference; lastKnownFileType = sourcecode.swift; path = Tool.swift; sourceTree = "<group>"; };
		5F17E3672AD4425400F402D3 /* CodableHelpers.swift */ = {isa = PBXFileReference; lastKnownFileType = sourcecode.swift; path = CodableHelpers.swift; sourceTree = "<group>"; };
		5F17E3712AD62ED100F402D3 /* DockUtils.swift */ = {isa = PBXFileReference; lastKnownFileType = sourcecode.swift; path = DockUtils.swift; sourceTree = "<group>"; };
		5F17E3732AD62EE600F402D3 /* OverlayWindowController.swift */ = {isa = PBXFileReference; lastKnownFileType = sourcecode.swift; path = OverlayWindowController.swift; sourceTree = "<group>"; };
		5F17E3752AD62F6F00F402D3 /* OverlayView.swift */ = {isa = PBXFileReference; lastKnownFileType = sourcecode.swift; path = OverlayView.swift; sourceTree = "<group>"; };
		5F17E3772AD6390400F402D3 /* Geometry.swift */ = {isa = PBXFileReference; lastKnownFileType = sourcecode.swift; path = Geometry.swift; sourceTree = "<group>"; };
		5F17E3A22AD780EF00F402D3 /* ThreadView.swift */ = {isa = PBXFileReference; lastKnownFileType = sourcecode.swift; path = ThreadView.swift; sourceTree = "<group>"; };
		5F17E3A42AD78E1800F402D3 /* TypingView.swift */ = {isa = PBXFileReference; lastKnownFileType = sourcecode.swift; path = TypingView.swift; sourceTree = "<group>"; };
		5F17E3AA2AD7A87700F402D3 /* Sous-Bridging-Header.h */ = {isa = PBXFileReference; lastKnownFileType = sourcecode.c.h; path = "Sous-Bridging-Header.h"; sourceTree = "<group>"; };
		5F17E3AB2AD7A87700F402D3 /* DDHotKeyCenter.h */ = {isa = PBXFileReference; fileEncoding = 4; lastKnownFileType = sourcecode.c.h; path = DDHotKeyCenter.h; sourceTree = "<group>"; };
		5F17E3AC2AD7A87800F402D3 /* DDHotKeyTextField.h */ = {isa = PBXFileReference; fileEncoding = 4; lastKnownFileType = sourcecode.c.h; path = DDHotKeyTextField.h; sourceTree = "<group>"; };
		5F17E3AD2AD7A87800F402D3 /* DDHotKeyCenter.m */ = {isa = PBXFileReference; fileEncoding = 4; lastKnownFileType = sourcecode.c.objc; path = DDHotKeyCenter.m; sourceTree = "<group>"; };
		5F17E3AE2AD7A87800F402D3 /* DDHotKeyTextField.m */ = {isa = PBXFileReference; fileEncoding = 4; lastKnownFileType = sourcecode.c.objc; path = DDHotKeyTextField.m; sourceTree = "<group>"; };
		5F17E3AF2AD7A87800F402D3 /* DDHotKeyUtilities.h */ = {isa = PBXFileReference; fileEncoding = 4; lastKnownFileType = sourcecode.c.h; path = DDHotKeyUtilities.h; sourceTree = "<group>"; };
		5F17E3B02AD7A87800F402D3 /* DDHotKeyUtilities.m */ = {isa = PBXFileReference; fileEncoding = 4; lastKnownFileType = sourcecode.c.objc; path = DDHotKeyUtilities.m; sourceTree = "<group>"; };
		5F17E3B62AD7A89700F402D3 /* HotkeySetup.h */ = {isa = PBXFileReference; lastKnownFileType = sourcecode.c.h; path = HotkeySetup.h; sourceTree = "<group>"; };
		5F17E3B72AD7A89700F402D3 /* HotkeySetup.m */ = {isa = PBXFileReference; lastKnownFileType = sourcecode.c.objc; path = HotkeySetup.m; sourceTree = "<group>"; };
		5F1C95572ADB1BCF009E312E /* ViewUtils.swift */ = {isa = PBXFileReference; lastKnownFileType = sourcecode.swift; path = ViewUtils.swift; sourceTree = "<group>"; };
		5F25980D2AD3337C003AF325 /* Sous.app */ = {isa = PBXFileReference; explicitFileType = wrapper.application; includeInIndex = 0; path = Sous.app; sourceTree = BUILT_PRODUCTS_DIR; };
		5F2598102AD3337C003AF325 /* AppDelegate.swift */ = {isa = PBXFileReference; lastKnownFileType = sourcecode.swift; path = AppDelegate.swift; sourceTree = "<group>"; };
		5F2598142AD3337C003AF325 /* Assets.xcassets */ = {isa = PBXFileReference; lastKnownFileType = folder.assetcatalog; path = Assets.xcassets; sourceTree = "<group>"; };
		5F2598172AD3337C003AF325 /* Base */ = {isa = PBXFileReference; lastKnownFileType = file.storyboard; name = Base; path = Base.lproj/Main.storyboard; sourceTree = "<group>"; };
		5F2598192AD3337C003AF325 /* Sous.entitlements */ = {isa = PBXFileReference; lastKnownFileType = text.plist.entitlements; path = Sous.entitlements; sourceTree = "<group>"; };
		5F2598242AD33B0B003AF325 /* View+Measure.swift */ = {isa = PBXFileReference; lastKnownFileType = sourcecode.swift; path = "View+Measure.swift"; sourceTree = "<group>"; };
		5F2598262AD3516D003AF325 /* InputTextField.swift */ = {isa = PBXFileReference; lastKnownFileType = sourcecode.swift; path = InputTextField.swift; sourceTree = "<group>"; };
		5F2598292AD35BDD003AF325 /* Metal.framework */ = {isa = PBXFileReference; lastKnownFileType = wrapper.framework; name = Metal.framework; path = System/Library/Frameworks/Metal.framework; sourceTree = SDKROOT; };
		5F25982E2AD38E83003AF325 /* DataStore.swift */ = {isa = PBXFileReference; fileEncoding = 4; lastKnownFileType = sourcecode.swift; path = DataStore.swift; sourceTree = "<group>"; };
		5F25982F2AD38E83003AF325 /* StringHelpers.swift */ = {isa = PBXFileReference; fileEncoding = 4; lastKnownFileType = sourcecode.swift; path = StringHelpers.swift; sourceTree = "<group>"; };
		5F2598302AD38E83003AF325 /* ArrayUtils.swift */ = {isa = PBXFileReference; fileEncoding = 4; lastKnownFileType = sourcecode.swift; path = ArrayUtils.swift; sourceTree = "<group>"; };
		5F2598312AD38E83003AF325 /* SwiftUIHelpers.swift */ = {isa = PBXFileReference; fileEncoding = 4; lastKnownFileType = sourcecode.swift; path = SwiftUIHelpers.swift; sourceTree = "<group>"; };
		5F2598322AD38E83003AF325 /* SeededRandom.swift */ = {isa = PBXFileReference; fileEncoding = 4; lastKnownFileType = sourcecode.swift; path = SeededRandom.swift; sourceTree = "<group>"; };
		5F2598382AD38F6E003AF325 /* CopilotSession.swift */ = {isa = PBXFileReference; lastKnownFileType = sourcecode.swift; path = CopilotSession.swift; sourceTree = "<group>"; };
		5F25983A2AD39C3D003AF325 /* LLM.swift */ = {isa = PBXFileReference; lastKnownFileType = sourcecode.swift; path = LLM.swift; sourceTree = "<group>"; };
		5F25983C2AD39D55003AF325 /* Scripting.swift */ = {isa = PBXFileReference; lastKnownFileType = sourcecode.swift; path = Scripting.swift; sourceTree = "<group>"; };
		5F25983E2AD39E96003AF325 /* ExpandingScrollView.swift */ = {isa = PBXFileReference; lastKnownFileType = sourcecode.swift; path = ExpandingScrollView.swift; sourceTree = "<group>"; };
		5FD696D02AE32A9100DB4729 /* WebSearch.swift */ = {isa = PBXFileReference; lastKnownFileType = sourcecode.swift; path = WebSearch.swift; sourceTree = "<group>"; };
		5FD696D22AE47A7500DB4729 /* ContextData.swift */ = {isa = PBXFileReference; lastKnownFileType = sourcecode.swift; path = ContextData.swift; sourceTree = "<group>"; };
		5FD696D42AE47C8F00DB4729 /* SearchResultView.swift */ = {isa = PBXFileReference; lastKnownFileType = sourcecode.swift; path = SearchResultView.swift; sourceTree = "<group>"; };
		5FD696D62AE47F1700DB4729 /* Async.swift */ = {isa = PBXFileReference; lastKnownFileType = sourcecode.swift; path = Async.swift; sourceTree = "<group>"; };
		5FD696D82AE4800200DB4729 /* AsyncMap.swift */ = {isa = PBXFileReference; lastKnownFileType = sourcecode.swift; path = AsyncMap.swift; sourceTree = "<group>"; };
		5FD696DA2AE48FE900DB4729 /* BrowserTool.swift */ = {isa = PBXFileReference; lastKnownFileType = sourcecode.swift; path = BrowserTool.swift; sourceTree = "<group>"; };
		5FD696DC2AE4909A00DB4729 /* TerminalTool.swift */ = {isa = PBXFileReference; lastKnownFileType = sourcecode.swift; path = TerminalTool.swift; sourceTree = "<group>"; };
		5FD696DF2AE56AF200DB4729 /* PreferenceWindow.swift */ = {isa = PBXFileReference; lastKnownFileType = sourcecode.swift; path = PreferenceWindow.swift; sourceTree = "<group>"; };
		5FD696E12AE56E7F00DB4729 /* InputAccessories.swift */ = {isa = PBXFileReference; lastKnownFileType = sourcecode.swift; path = InputAccessories.swift; sourceTree = "<group>"; };
		5FD696E32AE5708E00DB4729 /* Buttons.swift */ = {isa = PBXFileReference; lastKnownFileType = sourcecode.swift; path = Buttons.swift; sourceTree = "<group>"; };
		5FD696E52AE575D600DB4729 /* URLUtils.swift */ = {isa = PBXFileReference; lastKnownFileType = sourcecode.swift; path = URLUtils.swift; sourceTree = "<group>"; };
/* End PBXFileReference section */

/* Begin PBXFrameworksBuildPhase section */
		5F25980A2AD3337C003AF325 /* Frameworks */ = {
			isa = PBXFrameworksBuildPhase;
			buildActionMask = 2147483647;
			files = (
				5F25982A2AD35BDD003AF325 /* Metal.framework in Frameworks */,
				5F25982D2AD38E26003AF325 /* ChatToys in Frameworks */,
			);
			runOnlyForDeploymentPostprocessing = 0;
		};
/* End PBXFrameworksBuildPhase section */

/* Begin PBXGroup section */
		5F17E3642AD43C3600F402D3 /* Tools */ = {
			isa = PBXGroup;
			children = (
				5F17E3652AD43C3C00F402D3 /* Tool.swift */,
				5FD696D02AE32A9100DB4729 /* WebSearch.swift */,
				5FD696DA2AE48FE900DB4729 /* BrowserTool.swift */,
				5FD696DC2AE4909A00DB4729 /* TerminalTool.swift */,
			);
			path = Tools;
			sourceTree = "<group>";
		};
		5F17E3A92AD7A86D00F402D3 /* DDHotKey */ = {
			isa = PBXGroup;
			children = (
				5F17E3AB2AD7A87700F402D3 /* DDHotKeyCenter.h */,
				5F17E3AD2AD7A87800F402D3 /* DDHotKeyCenter.m */,
				5F17E3AC2AD7A87800F402D3 /* DDHotKeyTextField.h */,
				5F17E3AE2AD7A87800F402D3 /* DDHotKeyTextField.m */,
				5F17E3AF2AD7A87800F402D3 /* DDHotKeyUtilities.h */,
				5F17E3B02AD7A87800F402D3 /* DDHotKeyUtilities.m */,
				5F17E3B62AD7A89700F402D3 /* HotkeySetup.h */,
				5F17E3B72AD7A89700F402D3 /* HotkeySetup.m */,
				5F17E3AA2AD7A87700F402D3 /* Sous-Bridging-Header.h */,
			);
			path = DDHotKey;
			sourceTree = "<group>";
		};
		5F1C95552ADB1BAF009E312E /* Chat Views */ = {
			isa = PBXGroup;
			children = (
				5F17E3752AD62F6F00F402D3 /* OverlayView.swift */,
				5F17E3A22AD780EF00F402D3 /* ThreadView.swift */,
				5FD696E12AE56E7F00DB4729 /* InputAccessories.swift */,
				5F17E3622AD43B1F00F402D3 /* MessageCell.swift */,
				5FD696D42AE47C8F00DB4729 /* SearchResultView.swift */,
			);
			path = "Chat Views";
			sourceTree = "<group>";
		};
		5F1C95562ADB1BBC009E312E /* Util Views */ = {
			isa = PBXGroup;
			children = (
				5F17E3A42AD78E1800F402D3 /* TypingView.swift */,
				5F1C95572ADB1BCF009E312E /* ViewUtils.swift */,
				5FD696E32AE5708E00DB4729 /* Buttons.swift */,
			);
			path = "Util Views";
			sourceTree = "<group>";
		};
		5F2598042AD3337C003AF325 = {
			isa = PBXGroup;
			children = (
				5F25980F2AD3337C003AF325 /* Sous */,
				5F25980E2AD3337C003AF325 /* Products */,
				5F2598282AD35BDD003AF325 /* Frameworks */,
			);
			sourceTree = "<group>";
		};
		5F25980E2AD3337C003AF325 /* Products */ = {
			isa = PBXGroup;
			children = (
				5F25980D2AD3337C003AF325 /* Sous.app */,
			);
			name = Products;
			sourceTree = "<group>";
		};
		5F25980F2AD3337C003AF325 /* Sous */ = {
			isa = PBXGroup;
			children = (
				5F2598102AD3337C003AF325 /* AppDelegate.swift */,
				5F2598382AD38F6E003AF325 /* CopilotSession.swift */,
				5FD696D22AE47A7500DB4729 /* ContextData.swift */,
				5F17E3732AD62EE600F402D3 /* OverlayWindowController.swift */,
				5FD696DE2AE56AE400DB4729 /* Prefs */,
				5F1C95552ADB1BAF009E312E /* Chat Views */,
				5F1C95562ADB1BBC009E312E /* Util Views */,
				5F17E3A92AD7A86D00F402D3 /* DDHotKey */,
				5F17E3642AD43C3600F402D3 /* Tools */,
				5F2598232AD33B02003AF325 /* Utils */,
				5F2598142AD3337C003AF325 /* Assets.xcassets */,
				5F2598162AD3337C003AF325 /* Main.storyboard */,
				5F2598192AD3337C003AF325 /* Sous.entitlements */,
			);
			path = Sous;
			sourceTree = "<group>";
		};
		5F2598232AD33B02003AF325 /* Utils */ = {
			isa = PBXGroup;
			children = (
				5F2598302AD38E83003AF325 /* ArrayUtils.swift */,
				5F25982E2AD38E83003AF325 /* DataStore.swift */,
				5FD696D62AE47F1700DB4729 /* Async.swift */,
				5FD696D82AE4800200DB4729 /* AsyncMap.swift */,
				5F25983A2AD39C3D003AF325 /* LLM.swift */,
				5FD696E52AE575D600DB4729 /* URLUtils.swift */,
				5F2598322AD38E83003AF325 /* SeededRandom.swift */,
				5F25982F2AD38E83003AF325 /* StringHelpers.swift */,
				5F17E3672AD4425400F402D3 /* CodableHelpers.swift */,
				5F17E3712AD62ED100F402D3 /* DockUtils.swift */,
				5F2598312AD38E83003AF325 /* SwiftUIHelpers.swift */,
				5F17E3772AD6390400F402D3 /* Geometry.swift */,
				5F25983E2AD39E96003AF325 /* ExpandingScrollView.swift */,
				5F2598242AD33B0B003AF325 /* View+Measure.swift */,
				5F2598262AD3516D003AF325 /* InputTextField.swift */,
				5F25983C2AD39D55003AF325 /* Scripting.swift */,
			);
			path = Utils;
			sourceTree = "<group>";
		};
		5F2598282AD35BDD003AF325 /* Frameworks */ = {
			isa = PBXGroup;
			children = (
				5F2598292AD35BDD003AF325 /* Metal.framework */,
			);
			name = Frameworks;
			sourceTree = "<group>";
		};
		5FD696DE2AE56AE400DB4729 /* Prefs */ = {
			isa = PBXGroup;
			children = (
				5FD696DF2AE56AF200DB4729 /* PreferenceWindow.swift */,
			);
			path = Prefs;
			sourceTree = "<group>";
		};
/* End PBXGroup section */

/* Begin PBXNativeTarget section */
		5F25980C2AD3337C003AF325 /* Sous */ = {
			isa = PBXNativeTarget;
			buildConfigurationList = 5F25981C2AD3337C003AF325 /* Build configuration list for PBXNativeTarget "Sous" */;
			buildPhases = (
				5F2598092AD3337C003AF325 /* Sources */,
				5F25980A2AD3337C003AF325 /* Frameworks */,
				5F25980B2AD3337C003AF325 /* Resources */,
			);
			buildRules = (
			);
			dependencies = (
			);
			name = Sous;
			packageProductDependencies = (
				5F25982C2AD38E26003AF325 /* ChatToys */,
			);
			productName = Sous;
			productReference = 5F25980D2AD3337C003AF325 /* Sous.app */;
			productType = "com.apple.product-type.application";
		};
/* End PBXNativeTarget section */

/* Begin PBXProject section */
		5F2598052AD3337C003AF325 /* Project object */ = {
			isa = PBXProject;
			attributes = {
				BuildIndependentTargetsInParallel = 1;
				LastSwiftUpdateCheck = 1500;
				LastUpgradeCheck = 1500;
				TargetAttributes = {
					5F25980C2AD3337C003AF325 = {
						CreatedOnToolsVersion = 15.0;
						LastSwiftMigration = 1500;
					};
				};
			};
			buildConfigurationList = 5F2598082AD3337C003AF325 /* Build configuration list for PBXProject "Sous" */;
			compatibilityVersion = "Xcode 14.0";
			developmentRegion = en;
			hasScannedForEncodings = 0;
			knownRegions = (
				en,
				Base,
			);
			mainGroup = 5F2598042AD3337C003AF325;
			packageReferences = (
				5F25982B2AD38E26003AF325 /* XCLocalSwiftPackageReference "../chattoys" */,
			);
			productRefGroup = 5F25980E2AD3337C003AF325 /* Products */;
			projectDirPath = "";
			projectRoot = "";
			targets = (
				5F25980C2AD3337C003AF325 /* Sous */,
			);
		};
/* End PBXProject section */

/* Begin PBXResourcesBuildPhase section */
		5F25980B2AD3337C003AF325 /* Resources */ = {
			isa = PBXResourcesBuildPhase;
			buildActionMask = 2147483647;
			files = (
				5F2598152AD3337C003AF325 /* Assets.xcassets in Resources */,
				5F2598182AD3337C003AF325 /* Main.storyboard in Resources */,
			);
			runOnlyForDeploymentPostprocessing = 0;
		};
/* End PBXResourcesBuildPhase section */

/* Begin PBXSourcesBuildPhase section */
		5F2598092AD3337C003AF325 /* Sources */ = {
			isa = PBXSourcesBuildPhase;
			buildActionMask = 2147483647;
			files = (
				5F2598342AD38E83003AF325 /* StringHelpers.swift in Sources */,
				5F17E3632AD43B1F00F402D3 /* MessageCell.swift in Sources */,
				5F17E3662AD43C3C00F402D3 /* Tool.swift in Sources */,
				5FD696D92AE4800200DB4729 /* AsyncMap.swift in Sources */,
				5F17E3782AD6390400F402D3 /* Geometry.swift in Sources */,
				5FD696D12AE32A9100DB4729 /* WebSearch.swift in Sources */,
				5F2598392AD38F6E003AF325 /* CopilotSession.swift in Sources */,
				5F17E3A32AD780EF00F402D3 /* ThreadView.swift in Sources */,
				5FD696E02AE56AF200DB4729 /* PreferenceWindow.swift in Sources */,
				5F17E3B22AD7A87800F402D3 /* DDHotKeyTextField.m in Sources */,
				5F17E3B82AD7A89700F402D3 /* HotkeySetup.m in Sources */,
				5F25983F2AD39E96003AF325 /* ExpandingScrollView.swift in Sources */,
				5F2598352AD38E83003AF325 /* ArrayUtils.swift in Sources */,
				5FD696D32AE47A7500DB4729 /* ContextData.swift in Sources */,
				5F2598372AD38E83003AF325 /* SeededRandom.swift in Sources */,
				5FD696E22AE56E7F00DB4729 /* InputAccessories.swift in Sources */,
				5F2598332AD38E83003AF325 /* DataStore.swift in Sources */,
				5F2598362AD38E83003AF325 /* SwiftUIHelpers.swift in Sources */,
				5F17E3762AD62F6F00F402D3 /* OverlayView.swift in Sources */,
				5F17E3722AD62ED100F402D3 /* DockUtils.swift in Sources */,
				5F17E3B32AD7A87800F402D3 /* DDHotKeyUtilities.m in Sources */,
				5F1C95582ADB1BCF009E312E /* ViewUtils.swift in Sources */,
				5F25983B2AD39C3D003AF325 /* LLM.swift in Sources */,
				5F2598112AD3337C003AF325 /* AppDelegate.swift in Sources */,
				5F17E3682AD4425400F402D3 /* CodableHelpers.swift in Sources */,
				5FD696D52AE47C8F00DB4729 /* SearchResultView.swift in Sources */,
				5F17E3742AD62EE600F402D3 /* OverlayWindowController.swift in Sources */,
				5FD696E42AE5708E00DB4729 /* Buttons.swift in Sources */,
				5F17E3A52AD78E1800F402D3 /* TypingView.swift in Sources */,
				5F2598272AD3516D003AF325 /* InputTextField.swift in Sources */,
				5F2598252AD33B0B003AF325 /* View+Measure.swift in Sources */,
				5FD696DB2AE48FE900DB4729 /* BrowserTool.swift in Sources */,
				5F17E3B12AD7A87800F402D3 /* DDHotKeyCenter.m in Sources */,
				5FD696DD2AE4909A00DB4729 /* TerminalTool.swift in Sources */,
				5FD696D72AE47F1700DB4729 /* Async.swift in Sources */,
				5F25983D2AD39D55003AF325 /* Scripting.swift in Sources */,
				5FD696E62AE575D600DB4729 /* URLUtils.swift in Sources */,
			);
			runOnlyForDeploymentPostprocessing = 0;
		};
/* End PBXSourcesBuildPhase section */

/* Begin PBXVariantGroup section */
		5F2598162AD3337C003AF325 /* Main.storyboard */ = {
			isa = PBXVariantGroup;
			children = (
				5F2598172AD3337C003AF325 /* Base */,
			);
			name = Main.storyboard;
			sourceTree = "<group>";
		};
/* End PBXVariantGroup section */

/* Begin XCBuildConfiguration section */
		5F25981A2AD3337C003AF325 /* Debug */ = {
			isa = XCBuildConfiguration;
			buildSettings = {
				ALWAYS_SEARCH_USER_PATHS = NO;
				ASSETCATALOG_COMPILER_GENERATE_SWIFT_ASSET_SYMBOL_EXTENSIONS = YES;
				CLANG_ANALYZER_NONNULL = YES;
				CLANG_ANALYZER_NUMBER_OBJECT_CONVERSION = YES_AGGRESSIVE;
				CLANG_CXX_LANGUAGE_STANDARD = "gnu++20";
				CLANG_ENABLE_MODULES = YES;
				CLANG_ENABLE_OBJC_ARC = YES;
				CLANG_ENABLE_OBJC_WEAK = YES;
				CLANG_WARN_BLOCK_CAPTURE_AUTORELEASING = YES;
				CLANG_WARN_BOOL_CONVERSION = YES;
				CLANG_WARN_COMMA = YES;
				CLANG_WARN_CONSTANT_CONVERSION = YES;
				CLANG_WARN_DEPRECATED_OBJC_IMPLEMENTATIONS = YES;
				CLANG_WARN_DIRECT_OBJC_ISA_USAGE = YES_ERROR;
				CLANG_WARN_DOCUMENTATION_COMMENTS = YES;
				CLANG_WARN_EMPTY_BODY = YES;
				CLANG_WARN_ENUM_CONVERSION = YES;
				CLANG_WARN_INFINITE_RECURSION = YES;
				CLANG_WARN_INT_CONVERSION = YES;
				CLANG_WARN_NON_LITERAL_NULL_CONVERSION = YES;
				CLANG_WARN_OBJC_IMPLICIT_RETAIN_SELF = YES;
				CLANG_WARN_OBJC_LITERAL_CONVERSION = YES;
				CLANG_WARN_OBJC_ROOT_CLASS = YES_ERROR;
				CLANG_WARN_QUOTED_INCLUDE_IN_FRAMEWORK_HEADER = YES;
				CLANG_WARN_RANGE_LOOP_ANALYSIS = YES;
				CLANG_WARN_STRICT_PROTOTYPES = YES;
				CLANG_WARN_SUSPICIOUS_MOVE = YES;
				CLANG_WARN_UNGUARDED_AVAILABILITY = YES_AGGRESSIVE;
				CLANG_WARN_UNREACHABLE_CODE = YES;
				CLANG_WARN__DUPLICATE_METHOD_MATCH = YES;
				COPY_PHASE_STRIP = NO;
				DEBUG_INFORMATION_FORMAT = dwarf;
				ENABLE_STRICT_OBJC_MSGSEND = YES;
				ENABLE_TESTABILITY = YES;
				ENABLE_USER_SCRIPT_SANDBOXING = YES;
				GCC_C_LANGUAGE_STANDARD = gnu17;
				GCC_DYNAMIC_NO_PIC = NO;
				GCC_NO_COMMON_BLOCKS = YES;
				GCC_OPTIMIZATION_LEVEL = 0;
				GCC_PREPROCESSOR_DEFINITIONS = (
					"DEBUG=1",
					"$(inherited)",
				);
				GCC_WARN_64_TO_32_BIT_CONVERSION = YES;
				GCC_WARN_ABOUT_RETURN_TYPE = YES_ERROR;
				GCC_WARN_UNDECLARED_SELECTOR = YES;
				GCC_WARN_UNINITIALIZED_AUTOS = YES_AGGRESSIVE;
				GCC_WARN_UNUSED_FUNCTION = YES;
				GCC_WARN_UNUSED_VARIABLE = YES;
				LOCALIZATION_PREFERS_STRING_CATALOGS = YES;
				MACOSX_DEPLOYMENT_TARGET = 14.0;
				MTL_ENABLE_DEBUG_INFO = INCLUDE_SOURCE;
				MTL_FAST_MATH = YES;
				ONLY_ACTIVE_ARCH = YES;
				SDKROOT = macosx;
				SWIFT_ACTIVE_COMPILATION_CONDITIONS = "DEBUG $(inherited)";
				SWIFT_OPTIMIZATION_LEVEL = "-Onone";
			};
			name = Debug;
		};
		5F25981B2AD3337C003AF325 /* Release */ = {
			isa = XCBuildConfiguration;
			buildSettings = {
				ALWAYS_SEARCH_USER_PATHS = NO;
				ASSETCATALOG_COMPILER_GENERATE_SWIFT_ASSET_SYMBOL_EXTENSIONS = YES;
				CLANG_ANALYZER_NONNULL = YES;
				CLANG_ANALYZER_NUMBER_OBJECT_CONVERSION = YES_AGGRESSIVE;
				CLANG_CXX_LANGUAGE_STANDARD = "gnu++20";
				CLANG_ENABLE_MODULES = YES;
				CLANG_ENABLE_OBJC_ARC = YES;
				CLANG_ENABLE_OBJC_WEAK = YES;
				CLANG_WARN_BLOCK_CAPTURE_AUTORELEASING = YES;
				CLANG_WARN_BOOL_CONVERSION = YES;
				CLANG_WARN_COMMA = YES;
				CLANG_WARN_CONSTANT_CONVERSION = YES;
				CLANG_WARN_DEPRECATED_OBJC_IMPLEMENTATIONS = YES;
				CLANG_WARN_DIRECT_OBJC_ISA_USAGE = YES_ERROR;
				CLANG_WARN_DOCUMENTATION_COMMENTS = YES;
				CLANG_WARN_EMPTY_BODY = YES;
				CLANG_WARN_ENUM_CONVERSION = YES;
				CLANG_WARN_INFINITE_RECURSION = YES;
				CLANG_WARN_INT_CONVERSION = YES;
				CLANG_WARN_NON_LITERAL_NULL_CONVERSION = YES;
				CLANG_WARN_OBJC_IMPLICIT_RETAIN_SELF = YES;
				CLANG_WARN_OBJC_LITERAL_CONVERSION = YES;
				CLANG_WARN_OBJC_ROOT_CLASS = YES_ERROR;
				CLANG_WARN_QUOTED_INCLUDE_IN_FRAMEWORK_HEADER = YES;
				CLANG_WARN_RANGE_LOOP_ANALYSIS = YES;
				CLANG_WARN_STRICT_PROTOTYPES = YES;
				CLANG_WARN_SUSPICIOUS_MOVE = YES;
				CLANG_WARN_UNGUARDED_AVAILABILITY = YES_AGGRESSIVE;
				CLANG_WARN_UNREACHABLE_CODE = YES;
				CLANG_WARN__DUPLICATE_METHOD_MATCH = YES;
				COPY_PHASE_STRIP = NO;
				DEBUG_INFORMATION_FORMAT = "dwarf-with-dsym";
				ENABLE_NS_ASSERTIONS = NO;
				ENABLE_STRICT_OBJC_MSGSEND = YES;
				ENABLE_USER_SCRIPT_SANDBOXING = YES;
				GCC_C_LANGUAGE_STANDARD = gnu17;
				GCC_NO_COMMON_BLOCKS = YES;
				GCC_WARN_64_TO_32_BIT_CONVERSION = YES;
				GCC_WARN_ABOUT_RETURN_TYPE = YES_ERROR;
				GCC_WARN_UNDECLARED_SELECTOR = YES;
				GCC_WARN_UNINITIALIZED_AUTOS = YES_AGGRESSIVE;
				GCC_WARN_UNUSED_FUNCTION = YES;
				GCC_WARN_UNUSED_VARIABLE = YES;
				LOCALIZATION_PREFERS_STRING_CATALOGS = YES;
				MACOSX_DEPLOYMENT_TARGET = 14.0;
				MTL_ENABLE_DEBUG_INFO = NO;
				MTL_FAST_MATH = YES;
				SDKROOT = macosx;
				SWIFT_COMPILATION_MODE = wholemodule;
			};
			name = Release;
		};
		5F25981D2AD3337C003AF325 /* Debug */ = {
			isa = XCBuildConfiguration;
			buildSettings = {
				ASSETCATALOG_COMPILER_APPICON_NAME = AppIcon;
				ASSETCATALOG_COMPILER_GLOBAL_ACCENT_COLOR_NAME = AccentColor;
				CLANG_ENABLE_MODULES = YES;
				CODE_SIGN_ENTITLEMENTS = Sous/Sous.entitlements;
				"CODE_SIGN_IDENTITY[sdk=macosx*]" = "Apple Development";
				CODE_SIGN_STYLE = Automatic;
				COMBINE_HIDPI_IMAGES = YES;
				CURRENT_PROJECT_VERSION = 1;
				DEVELOPMENT_TEAM = VPN8ZW6EAC;
				ENABLE_HARDENED_RUNTIME = YES;
				GENERATE_INFOPLIST_FILE = YES;
				INFOPLIST_KEY_NSAppleEventsUsageDescription = "We use this to read content from your current browser tab.";
				INFOPLIST_KEY_NSHumanReadableCopyright = "";
				INFOPLIST_KEY_NSMainStoryboardFile = Main;
				INFOPLIST_KEY_NSPrincipalClass = NSApplication;
				LD_RUNPATH_SEARCH_PATHS = (
					"$(inherited)",
					"@executable_path/../Frameworks",
				);
				MARKETING_VERSION = 1.0;
				PRODUCT_BUNDLE_IDENTIFIER = com.nateparrott.Sous;
				PRODUCT_NAME = "$(TARGET_NAME)";
				SWIFT_EMIT_LOC_STRINGS = YES;
				SWIFT_OBJC_BRIDGING_HEADER = "Sous/DDHotKey/Sous-Bridging-Header.h";
				SWIFT_OPTIMIZATION_LEVEL = "-Onone";
				SWIFT_VERSION = 5.0;
			};
			name = Debug;
		};
		5F25981E2AD3337C003AF325 /* Release */ = {
			isa = XCBuildConfiguration;
			buildSettings = {
				ASSETCATALOG_COMPILER_APPICON_NAME = AppIcon;
				ASSETCATALOG_COMPILER_GLOBAL_ACCENT_COLOR_NAME = AccentColor;
				CLANG_ENABLE_MODULES = YES;
				CODE_SIGN_ENTITLEMENTS = Sous/Sous.entitlements;
				"CODE_SIGN_IDENTITY[sdk=macosx*]" = "Apple Development";
				CODE_SIGN_STYLE = Automatic;
				COMBINE_HIDPI_IMAGES = YES;
				CURRENT_PROJECT_VERSION = 1;
				DEVELOPMENT_TEAM = VPN8ZW6EAC;
				ENABLE_HARDENED_RUNTIME = YES;
				GENERATE_INFOPLIST_FILE = YES;
				INFOPLIST_KEY_NSAppleEventsUsageDescription = "We use this to read content from your current browser tab.";
				INFOPLIST_KEY_NSHumanReadableCopyright = "";
				INFOPLIST_KEY_NSMainStoryboardFile = Main;
				INFOPLIST_KEY_NSPrincipalClass = NSApplication;
				LD_RUNPATH_SEARCH_PATHS = (
					"$(inherited)",
					"@executable_path/../Frameworks",
				);
				MARKETING_VERSION = 1.0;
				PRODUCT_BUNDLE_IDENTIFIER = com.nateparrott.Sous;
				PRODUCT_NAME = "$(TARGET_NAME)";
				SWIFT_EMIT_LOC_STRINGS = YES;
				SWIFT_OBJC_BRIDGING_HEADER = "Sous/DDHotKey/Sous-Bridging-Header.h";
				SWIFT_VERSION = 5.0;
			};
			name = Release;
		};
/* End XCBuildConfiguration section */

/* Begin XCConfigurationList section */
		5F2598082AD3337C003AF325 /* Build configuration list for PBXProject "Sous" */ = {
			isa = XCConfigurationList;
			buildConfigurations = (
				5F25981A2AD3337C003AF325 /* Debug */,
				5F25981B2AD3337C003AF325 /* Release */,
			);
			defaultConfigurationIsVisible = 0;
			defaultConfigurationName = Release;
		};
		5F25981C2AD3337C003AF325 /* Build configuration list for PBXNativeTarget "Sous" */ = {
			isa = XCConfigurationList;
			buildConfigurations = (
				5F25981D2AD3337C003AF325 /* Debug */,
				5F25981E2AD3337C003AF325 /* Release */,
			);
			defaultConfigurationIsVisible = 0;
			defaultConfigurationName = Release;
		};
/* End XCConfigurationList section */

/* Begin XCLocalSwiftPackageReference section */
		5F25982B2AD38E26003AF325 /* XCLocalSwiftPackageReference "../chattoys" */ = {
			isa = XCLocalSwiftPackageReference;
			relativePath = ../chattoys;
		};
/* End XCLocalSwiftPackageReference section */

/* Begin XCSwiftPackageProductDependency section */
		5F25982C2AD38E26003AF325 /* ChatToys */ = {
			isa = XCSwiftPackageProductDependency;
			productName = ChatToys;
		};
/* End XCSwiftPackageProductDependency section */
	};
	rootObject = 5F2598052AD3337C003AF325 /* Project object */;
}
